PODS:
  - Bolts/Tasks (1.8.4)
  - LPParseConnect (0.1.1):
    - Parse
    - SwiftValidator
  - Parse (1.15.2):
    - Bolts/Tasks (~> 1.8)
  - SwiftValidator (4.0.0)

DEPENDENCIES:
  - LPParseConnect (from `../`)
  - Parse
  - SwiftValidator (from `https://github.com/jpotts18/SwiftValidator.git`, branch `master`)

EXTERNAL SOURCES:
  LPParseConnect:
    :path: ../
  SwiftValidator:
    :branch: master
    :git: https://github.com/jpotts18/SwiftValidator.git

CHECKOUT OPTIONS:
  SwiftValidator:
    :commit: 6cff6cac3e02a617f7cf11323e18526a117d5673
    :git: https://github.com/jpotts18/SwiftValidator.git

SPEC CHECKSUMS:
  Bolts: 8a7995239dbe724f9cba2248b766d48b7ebdd322
  LPParseConnect: 5e621bb6d3fe94bc252a0cdf7a905ef1a54bf1ed
  Parse: 7daa8804b876d250a65420534c97d2d786c3b0b4
  SwiftValidator: 25ded5ca1f10c05adf57f6ac82a72d28ac8d91af

PODFILE CHECKSUM: 572db4e46b7fe54a52277480fb6b177731f17556

COCOAPODS: 1.2.1
